
Microsoft Visual Studio Solution File, Format Version 12.00
# Visual Studio Version 16
VisualStudioVersion = 16.0.30503.244
MinimumVisualStudioVersion = 10.0.40219.1
Project("{2150E333-8FDC-42A3-9474-1A3956D46DE8}") = "01 - Api", "01 - Api", "{8424D2C6-5CE8-41BE-8550-E45644AF5639}"
EndProject
Project("{2150E333-8FDC-42A3-9474-1A3956D46DE8}") = "03 - Data", "03 - Data", "{02C6D907-197E-4D0F-92A4-2AC1ECD7D8F3}"
EndProject
Project("{9A19103F-16F7-4668-BE54-9A1E7A4F7556}") = "ToDoList.Api", "ToDoList.Api\ToDoList.Api.csproj", "{11EA6A70-4DC9-4776-AD22-15ABF9A4FE82}"
EndProject
Project("{9A19103F-16F7-4668-BE54-9A1E7A4F7556}") = "ToDoList.Api.Interfaces", "ToDoList.Api.Interfaces\ToDoList.Api.Interfaces.csproj", "{866FFBCD-BF5E-41A4-90CD-4FCD6E6C58FC}"
EndProject
Project("{2150E333-8FDC-42A3-9474-1A3956D46DE8}") = "02 - Entities", "02 - Entities", "{4F523463-8976-4822-BD4E-DA0D555B02EB}"
EndProject
Project("{9A19103F-16F7-4668-BE54-9A1E7A4F7556}") = "ToDoList.Entities", "ToDoList.Entities\ToDoList.Entities.csproj", "{BFEE884F-B762-4DB4-92F8-4C8E32D20ABB}"
EndProject
Project("{9A19103F-16F7-4668-BE54-9A1E7A4F7556}") = "ToDoList.Data", "ToDoList.Data\ToDoList.Data.csproj", "{F268984A-054E-4E20-82BD-73650F7F0FBD}"
EndProject
Project("{2150E333-8FDC-42A3-9474-1A3956D46DE8}") = "04 - IoC", "04 - IoC", "{EFE7F8C3-C56C-4FB8-A744-2C2A23672C0F}"
EndProject
Project("{FAE04EC0-301F-11D3-BF4B-00C04F79EFBC}") = "ToDoList.IoC", "ToDoList.IoC\ToDoList.IoC.csproj", "{B5AA468D-FCD1-4CC5-B465-96C1D3424BD3}"
EndProject
Global
	GlobalSection(SolutionConfigurationPlatforms) = preSolution
		Debug|Any CPU = Debug|Any CPU
		Release|Any CPU = Release|Any CPU
	EndGlobalSection
	GlobalSection(ProjectConfigurationPlatforms) = postSolution
		{11EA6A70-4DC9-4776-AD22-15ABF9A4FE82}.Debug|Any CPU.ActiveCfg = Debug|Any CPU
		{11EA6A70-4DC9-4776-AD22-15ABF9A4FE82}.Debug|Any CPU.Build.0 = Debug|Any CPU
		{11EA6A70-4DC9-4776-AD22-15ABF9A4FE82}.Release|Any CPU.ActiveCfg = Release|Any CPU
		{11EA6A70-4DC9-4776-AD22-15ABF9A4FE82}.Release|Any CPU.Build.0 = Release|Any CPU
		{866FFBCD-BF5E-41A4-90CD-4FCD6E6C58FC}.Debug|Any CPU.ActiveCfg = Debug|Any CPU
		{866FFBCD-BF5E-41A4-90CD-4FCD6E6C58FC}.Debug|Any CPU.Build.0 = Debug|Any CPU
		{866FFBCD-BF5E-41A4-90CD-4FCD6E6C58FC}.Release|Any CPU.ActiveCfg = Release|Any CPU
		{866FFBCD-BF5E-41A4-90CD-4FCD6E6C58FC}.Release|Any CPU.Build.0 = Release|Any CPU
		{BFEE884F-B762-4DB4-92F8-4C8E32D20ABB}.Debug|Any CPU.ActiveCfg = Debug|Any CPU
		{BFEE884F-B762-4DB4-92F8-4C8E32D20ABB}.Debug|Any CPU.Build.0 = Debug|Any CPU
		{BFEE884F-B762-4DB4-92F8-4C8E32D20ABB}.Release|Any CPU.ActiveCfg = Release|Any CPU
		{BFEE884F-B762-4DB4-92F8-4C8E32D20ABB}.Release|Any CPU.Build.0 = Release|Any CPU
		{F268984A-054E-4E20-82BD-73650F7F0FBD}.Debug|Any CPU.ActiveCfg = Debug|Any CPU
		{F268984A-054E-4E20-82BD-73650F7F0FBD}.Debug|Any CPU.Build.0 = Debug|Any CPU
		{F268984A-054E-4E20-82BD-73650F7F0FBD}.Release|Any CPU.ActiveCfg = Release|Any CPU
		{F268984A-054E-4E20-82BD-73650F7F0FBD}.Release|Any CPU.Build.0 = Release|Any CPU
		{B5AA468D-FCD1-4CC5-B465-96C1D3424BD3}.Debug|Any CPU.ActiveCfg = Debug|Any CPU
		{B5AA468D-FCD1-4CC5-B465-96C1D3424BD3}.Debug|Any CPU.Build.0 = Debug|Any CPU
		{B5AA468D-FCD1-4CC5-B465-96C1D3424BD3}.Release|Any CPU.ActiveCfg = Release|Any CPU
		{B5AA468D-FCD1-4CC5-B465-96C1D3424BD3}.Release|Any CPU.Build.0 = Release|Any CPU
	EndGlobalSection
	GlobalSection(SolutionProperties) = preSolution
		HideSolutionNode = FALSE
	EndGlobalSection
	GlobalSection(NestedProjects) = preSolution
		{11EA6A70-4DC9-4776-AD22-15ABF9A4FE82} = {8424D2C6-5CE8-41BE-8550-E45644AF5639}
		{866FFBCD-BF5E-41A4-90CD-4FCD6E6C58FC} = {8424D2C6-5CE8-41BE-8550-E45644AF5639}
		{BFEE884F-B762-4DB4-92F8-4C8E32D20ABB} = {4F523463-8976-4822-BD4E-DA0D555B02EB}
		{F268984A-054E-4E20-82BD-73650F7F0FBD} = {02C6D907-197E-4D0F-92A4-2AC1ECD7D8F3}
		{B5AA468D-FCD1-4CC5-B465-96C1D3424BD3} = {EFE7F8C3-C56C-4FB8-A744-2C2A23672C0F}
	EndGlobalSection
	GlobalSection(ExtensibilityGlobals) = postSolution
		SolutionGuid = {8A04883F-896C-4CDE-8F7A-9469458674F6}
	EndGlobalSection
EndGlobal
